
Microsoft Visual Studio Solution File, Format Version 12.00
Project("{FAE04EC0-301F-11D3-BF4B-00C04F79EFBC}") = "anti-corruption-layer", "anti-corruption-layer.csproj", "{432A208B-B1D3-44D2-87E0-B4371FE728E6}"
EndProject
Global
	GlobalSection(SolutionConfigurationPlatforms) = preSolution
		Debug|Any CPU = Debug|Any CPU
		Release|Any CPU = Release|Any CPU
	EndGlobalSection
	GlobalSection(ProjectConfigurationPlatforms) = postSolution
		{432A208B-B1D3-44D2-87E0-B4371FE728E6}.Debug|Any CPU.ActiveCfg = Debug|Any CPU
		{432A208B-B1D3-44D2-87E0-B4371FE728E6}.Debug|Any CPU.Build.0 = Debug|Any CPU
		{432A208B-B1D3-44D2-87E0-B4371FE728E6}.Release|Any CPU.ActiveCfg = Release|Any CPU
		{432A208B-B1D3-44D2-87E0-B4371FE728E6}.Release|Any CPU.Build.0 = Release|Any CPU
	EndGlobalSection
EndGlobal
